
Microsoft Visual Studio Solution File, Format Version 12.00
# Visual Studio Version 16
VisualStudioVersion = 16.0.33214.272
MinimumVisualStudioVersion = 10.0.40219.1
Project("{FAE04EC0-301F-11D3-BF4B-00C04F79EFBC}") = "Mission2- Hannah", "SporksFun\Mission2- Hannah.csproj", "{40DA8E1C-19D7-48B0-82DD-903B886ABF0F}"
EndProject
Global
	GlobalSection(SolutionConfigurationPlatforms) = preSolution
		Debug|Any CPU = Debug|Any CPU
		Release|Any CPU = Release|Any CPU
	EndGlobalSection
	GlobalSection(ProjectConfigurationPlatforms) = postSolution
		{40DA8E1C-19D7-48B0-82DD-903B886ABF0F}.Debug|Any CPU.ActiveCfg = Debug|Any CPU
		{40DA8E1C-19D7-48B0-82DD-903B886ABF0F}.Debug|Any CPU.Build.0 = Debug|Any CPU
		{40DA8E1C-19D7-48B0-82DD-903B886ABF0F}.Release|Any CPU.ActiveCfg = Release|Any CPU
		{40DA8E1C-19D7-48B0-82DD-903B886ABF0F}.Release|Any CPU.Build.0 = Release|Any CPU
	EndGlobalSection
	GlobalSection(SolutionProperties) = preSolution
		HideSolutionNode = FALSE
	EndGlobalSection
	GlobalSection(ExtensibilityGlobals) = postSolution
		SolutionGuid = {37B6C5D3-9B5E-4C2F-B99E-6D04A93A8290}
	EndGlobalSection
EndGlobal
